
Microsoft Visual Studio Solution File, Format Version 12.00
# Visual Studio 15
Project("{FAE04EC0-301F-11D3-BF4B-00C04F79EFBC}") = "Unity.Timeline", "Unity.Timeline.csproj", "{D5A80553-59A5-E2F3-A722-6BA959E9C8D5}"
EndProject
Project("{FAE04EC0-301F-11D3-BF4B-00C04F79EFBC}") = "Unity.TestTools.CodeCoverage.Editor", "Unity.TestTools.CodeCoverage.Editor.csproj", "{4B1D834E-39A9-752A-C1E3-131784607A8D}"
EndProject
Project("{FAE04EC0-301F-11D3-BF4B-00C04F79EFBC}") = "Unity.PlasticSCM.Editor", "Unity.PlasticSCM.Editor.csproj", "{C0785D81-0534-1519-8027-9FE72B39CB8B}"
EndProject
Project("{FAE04EC0-301F-11D3-BF4B-00C04F79EFBC}") = "Unity.RenderPipelines.GPUDriven.Runtime", "Unity.RenderPipelines.GPUDriven.Runtime.csproj", "{BDDA681B-B5FF-5245-0125-161E27FC5248}"
EndProject
Project("{FAE04EC0-301F-11D3-BF4B-00C04F79EFBC}") = "Unity.FilmInternalUtilities", "Unity.FilmInternalUtilities.csproj", "{18668F0B-ED9D-16B1-C2AE-364AD517D45B}"
EndProject
Project("{FAE04EC0-301F-11D3-BF4B-00C04F79EFBC}") = "Unity.VisualScripting.Flow", "Unity.VisualScripting.Flow.csproj", "{7794CE38-BD82-0048-BBBB-7F5231CF641D}"
EndProject
Project("{FAE04EC0-301F-11D3-BF4B-00C04F79EFBC}") = "Unity.Timeline.Editor", "Unity.Timeline.Editor.csproj", "{50EB8EE7-2535-5807-F414-C2FEEDD50AA2}"
EndProject
Project("{FAE04EC0-301F-11D3-BF4B-00C04F79EFBC}") = "Unity.RenderPipelines.Core.Runtime", "Unity.RenderPipelines.Core.Runtime.csproj", "{12ECC004-A28F-646C-0134-93371F1EA72F}"
EndProject
Project("{FAE04EC0-301F-11D3-BF4B-00C04F79EFBC}") = "Unity.Multiplayer.Center.Editor", "Unity.Multiplayer.Center.Editor.csproj", "{F6A42D45-8967-1EC8-6CF6-13AF5BC4A7FB}"
EndProject
Project("{FAE04EC0-301F-11D3-BF4B-00C04F79EFBC}") = "Unity.Mathematics", "Unity.Mathematics.csproj", "{176624AE-D1BB-73DE-529C-12387C96158C}"
EndProject
Project("{FAE04EC0-301F-11D3-BF4B-00C04F79EFBC}") = "Unity.RenderPipelines.Core.Editor", "Unity.RenderPipelines.Core.Editor.csproj", "{F8FF9414-425E-31D8-694C-964B282A533D}"
EndProject
Project("{FAE04EC0-301F-11D3-BF4B-00C04F79EFBC}") = "Unity.VisualScripting.Core.Editor", "Unity.VisualScripting.Core.Editor.csproj", "{4D719D54-DC0F-744F-DA2A-A974E5AB975A}"
EndProject
Project("{FAE04EC0-301F-11D3-BF4B-00C04F79EFBC}") = "UnityEngine.UI", "UnityEngine.UI.csproj", "{4DED939A-955F-5D40-CF50-656F2BFCA9E1}"
EndProject
Project("{FAE04EC0-301F-11D3-BF4B-00C04F79EFBC}") = "UnityEditor.TestRunner", "UnityEditor.TestRunner.csproj", "{0BA0B2D1-CF05-6EB2-A9E9-DCE5E41F094C}"
EndProject
Project("{FAE04EC0-301F-11D3-BF4B-00C04F79EFBC}") = "Unity.Collections", "Unity.Collections.csproj", "{5DB96837-D2D1-15AA-C335-5E529234D319}"
EndProject
Project("{FAE04EC0-301F-11D3-BF4B-00C04F79EFBC}") = "Unity.PerformanceTesting.Editor", "Unity.PerformanceTesting.Editor.csproj", "{A797AE01-1CC7-6C71-B6E4-F9EC515F6AD6}"
EndProject
Project("{FAE04EC0-301F-11D3-BF4B-00C04F79EFBC}") = "UnityEngine.TestRunner", "UnityEngine.TestRunner.csproj", "{B3917418-C042-5C86-1702-3E6EFDEBBC76}"
EndProject
Project("{FAE04EC0-301F-11D3-BF4B-00C04F79EFBC}") = "Unity.VisualScripting.Core", "Unity.VisualScripting.Core.csproj", "{857BDFFE-D42E-FB49-8509-17CE132A249E}"
EndProject
Project("{FAE04EC0-301F-11D3-BF4B-00C04F79EFBC}") = "Unity.VisualScripting.Flow.Editor", "Unity.VisualScripting.Flow.Editor.csproj", "{6BD596FE-1B9A-C7E0-2883-49B428327277}"
EndProject
Project("{FAE04EC0-301F-11D3-BF4B-00C04F79EFBC}") = "Unity.Burst", "Unity.Burst.csproj", "{8FC192A3-A40D-1CB6-526D-A02CBFB530C6}"
EndProject
Project("{FAE04EC0-301F-11D3-BF4B-00C04F79EFBC}") = "Unity.FilmInternalUtilities.Editor", "Unity.FilmInternalUtilities.Editor.csproj", "{57BEFBBB-C419-6A28-96E2-8C7521FC9801}"
EndProject
Project("{FAE04EC0-301F-11D3-BF4B-00C04F79EFBC}") = "Unity.AI.Navigation.Editor", "Unity.AI.Navigation.Editor.csproj", "{17E28743-3EC4-AE0A-E681-739DD2D46DFD}"
EndProject
Project("{FAE04EC0-301F-11D3-BF4B-00C04F79EFBC}") = "Unity.VisualStudio.Editor", "Unity.VisualStudio.Editor.csproj", "{03F4B664-0EB0-566F-9F49-5EA62380C38F}"
EndProject
Project("{FAE04EC0-301F-11D3-BF4B-00C04F79EFBC}") = "Assembly-CSharp", "Assembly-CSharp.csproj", "{6AC25BDF-3A5D-E013-0FCE-1D731638B709}"
EndProject
Project("{FAE04EC0-301F-11D3-BF4B-00C04F79EFBC}") = "Unity.RenderPipelines.Core.Runtime.Shared", "Unity.RenderPipelines.Core.Runtime.Shared.csproj", "{C8702926-88CD-99C5-0457-FE5664946BE0}"
EndProject
Project("{FAE04EC0-301F-11D3-BF4B-00C04F79EFBC}") = "Unity.TextMeshPro.Editor", "Unity.TextMeshPro.Editor.csproj", "{13B5A42B-DAE7-E168-1F05-0120734E11E0}"
EndProject
Project("{FAE04EC0-301F-11D3-BF4B-00C04F79EFBC}") = "Unity.TestTools.CodeCoverage.Editor.OpenCover.Model", "Unity.TestTools.CodeCoverage.Editor.OpenCover.Model.csproj", "{EE9C88B1-A52B-236D-A629-784BEEF0A82D}"
EndProject
Project("{FAE04EC0-301F-11D3-BF4B-00C04F79EFBC}") = "Unity.Rider.Editor", "Unity.Rider.Editor.csproj", "{DF0D09A4-1C0F-637A-F990-46D5CECFA573}"
EndProject
Project("{FAE04EC0-301F-11D3-BF4B-00C04F79EFBC}") = "Unity.AI.Navigation.Editor.ConversionSystem", "Unity.AI.Navigation.Editor.ConversionSystem.csproj", "{BE33E311-DA1A-9B51-9BE5-961877EB6AED}"
EndProject
Project("{FAE04EC0-301F-11D3-BF4B-00C04F79EFBC}") = "Unity.VisualScripting.State.Editor", "Unity.VisualScripting.State.Editor.csproj", "{BB708457-6973-80D7-3754-B87F252433A0}"
EndProject
Project("{FAE04EC0-301F-11D3-BF4B-00C04F79EFBC}") = "Unity.Burst.CodeGen", "Unity.Burst.CodeGen.csproj", "{8E767944-4F83-9EFD-D2E8-39447D615662}"
EndProject
Project("{FAE04EC0-301F-11D3-BF4B-00C04F79EFBC}") = "Unity.PerformanceTesting", "Unity.PerformanceTesting.csproj", "{C0773B01-FBE1-DF32-C995-C9F4618E34AA}"
EndProject
Project("{FAE04EC0-301F-11D3-BF4B-00C04F79EFBC}") = "Unity.AI.Navigation", "Unity.AI.Navigation.csproj", "{388AD4D5-EB46-714F-84CB-6534C7558355}"
EndProject
Project("{FAE04EC0-301F-11D3-BF4B-00C04F79EFBC}") = "Unity.VisualScripting.State", "Unity.VisualScripting.State.csproj", "{82B80D26-E3BC-2419-DB13-0E7F338C15CA}"
EndProject
Project("{FAE04EC0-301F-11D3-BF4B-00C04F79EFBC}") = "Unity.Performance.Profile-Analyzer.Editor", "Unity.Performance.Profile-Analyzer.Editor.csproj", "{032DC4CE-18B1-5DF0-3AC4-3E1EF62EDBA1}"
EndProject
Project("{FAE04EC0-301F-11D3-BF4B-00C04F79EFBC}") = "UnityEditor.UI", "UnityEditor.UI.csproj", "{9FFE230A-A61D-EA4A-9EC5-7219160A2BFD}"
EndProject
Project("{FAE04EC0-301F-11D3-BF4B-00C04F79EFBC}") = "Unity.TextMeshPro", "Unity.TextMeshPro.csproj", "{22F41C08-8054-8F67-A864-F2ACE13B4BEB}"
EndProject
Project("{FAE04EC0-301F-11D3-BF4B-00C04F79EFBC}") = "Unity.Toonshader", "Unity.Toonshader.csproj", "{88FE8492-BEFD-3FB0-240A-0C94F5B908BC}"
EndProject
Project("{FAE04EC0-301F-11D3-BF4B-00C04F79EFBC}") = "Unity.Toonshader.Editor", "Unity.Toonshader.Editor.csproj", "{752FE477-C07C-01B2-0F3A-DFD9370124FE}"
EndProject
Project("{FAE04EC0-301F-11D3-BF4B-00C04F79EFBC}") = "Unity.Rendering.LightTransport.Runtime", "Unity.Rendering.LightTransport.Runtime.csproj", "{7C180A52-78C3-FB1C-E848-513450C95273}"
EndProject
Project("{FAE04EC0-301F-11D3-BF4B-00C04F79EFBC}") = "Unity.VisualScripting.SettingsProvider.Editor", "Unity.VisualScripting.SettingsProvider.Editor.csproj", "{8D5D4BFB-CE57-1539-79F0-9893F261FF6F}"
EndProject
Project("{FAE04EC0-301F-11D3-BF4B-00C04F79EFBC}") = "Unity.Burst.Editor", "Unity.Burst.Editor.csproj", "{4141A059-EAE6-68ED-5557-4A1D61796D8F}"
EndProject
Project("{FAE04EC0-301F-11D3-BF4B-00C04F79EFBC}") = "Unity.TestTools.CodeCoverage.Editor.OpenCover.Mono.Reflection", "Unity.TestTools.CodeCoverage.Editor.OpenCover.Mono.Reflection.csproj", "{3B789BE4-3A79-1DE7-43FF-33C3968D7FB6}"
EndProject
Project("{FAE04EC0-301F-11D3-BF4B-00C04F79EFBC}") = "Unity.AI.Navigation.Updater", "Unity.AI.Navigation.Updater.csproj", "{799FCDDF-FA77-FD40-D06A-DDD15659DA62}"
EndProject
Project("{FAE04EC0-301F-11D3-BF4B-00C04F79EFBC}") = "Unity.Settings.Editor", "Unity.Settings.Editor.csproj", "{699D466F-0C40-2F07-87F3-C0B61083BF6D}"
EndProject
Project("{FAE04EC0-301F-11D3-BF4B-00C04F79EFBC}") = "Unity.Multiplayer.Center.Common", "Unity.Multiplayer.Center.Common.csproj", "{98951FC8-6B26-FD05-581C-556D7F52E022}"
EndProject
Project("{FAE04EC0-301F-11D3-BF4B-00C04F79EFBC}") = "Unity.Collections.CodeGen", "Unity.Collections.CodeGen.csproj", "{BA421804-9055-1291-0718-CF85DDE2F910}"
EndProject
Project("{FAE04EC0-301F-11D3-BF4B-00C04F79EFBC}") = "Unity.Mathematics.Editor", "Unity.Mathematics.Editor.csproj", "{DCC1DEEC-6893-8214-52FE-DA9B103074E5}"
EndProject
Project("{FAE04EC0-301F-11D3-BF4B-00C04F79EFBC}") = "Unity.VisualScripting.DocCodeExamples", "Unity.VisualScripting.DocCodeExamples.csproj", "{903FC2D1-C7F5-4D7D-D6B5-376E111976B5}"
EndProject
Project("{FAE04EC0-301F-11D3-BF4B-00C04F79EFBC}") = "Unity.CollabProxy.Editor", "Unity.CollabProxy.Editor.csproj", "{970A1864-F66E-02C6-230F-BDD8A8594222}"
EndProject
Project("{FAE04EC0-301F-11D3-BF4B-00C04F79EFBC}") = "Unity.VisualScripting.Shared.Editor", "Unity.VisualScripting.Shared.Editor.csproj", "{58CF029C-E2AC-8B48-39C8-3655224A3396}"
EndProject
Project("{FAE04EC0-301F-11D3-BF4B-00C04F79EFBC}") = "Unity.EditorCoroutines.Editor", "Unity.EditorCoroutines.Editor.csproj", "{2BA72C5E-7691-AA5A-827F-FCB10FC72347}"
EndProject
Project("{FAE04EC0-301F-11D3-BF4B-00C04F79EFBC}") = "Unity.Rendering.LightTransport.Editor", "Unity.Rendering.LightTransport.Editor.csproj", "{9DCEDA88-C5AC-590C-B76B-2F25DC64CDD5}"
EndProject
Project("{FAE04EC0-301F-11D3-BF4B-00C04F79EFBC}") = "Unity.PlasticSCM.Editor.Entities", "Unity.PlasticSCM.Editor.Entities.csproj", "{561C1534-973F-4688-1405-1314D65D9F29}"
EndProject
Project("{FAE04EC0-301F-11D3-BF4B-00C04F79EFBC}") = "Unity.Collections.Editor", "Unity.Collections.Editor.csproj", "{79696E09-B152-908D-7F19-D62A0EAEEF0F}"
EndProject
Project("{FAE04EC0-301F-11D3-BF4B-00C04F79EFBC}") = "Unity.RenderPipelines.Core.ShaderLibrary", "Unity.RenderPipelines.Core.ShaderLibrary.csproj", "{C2E69A23-D1DE-3CCE-0A31-B4595FAB8A05}"
EndProject
Project("{FAE04EC0-301F-11D3-BF4B-00C04F79EFBC}") = "Unity.RenderPipelines.Core.Editor.Shared", "Unity.RenderPipelines.Core.Editor.Shared.csproj", "{21586DFF-6776-72F4-57CF-0A0B27618E19}"
EndProject
Project("{FAE04EC0-301F-11D3-BF4B-00C04F79EFBC}") = "Unity.Timeline", "Unity.Timeline.Player.csproj", "{97F4C7C7-5A50-D1BF-8950-C3F097D24938}"
EndProject
Project("{FAE04EC0-301F-11D3-BF4B-00C04F79EFBC}") = "Unity.RenderPipelines.GPUDriven.Runtime", "Unity.RenderPipelines.GPUDriven.Runtime.Player.csproj", "{74828C4E-2902-7BC7-43E4-668B990CFE40}"
EndProject
Project("{FAE04EC0-301F-11D3-BF4B-00C04F79EFBC}") = "Unity.FilmInternalUtilities", "Unity.FilmInternalUtilities.Player.csproj", "{EA59952B-29D6-025B-3A64-75B26F5D7E6E}"
EndProject
Project("{FAE04EC0-301F-11D3-BF4B-00C04F79EFBC}") = "Unity.VisualScripting.Flow", "Unity.VisualScripting.Flow.Player.csproj", "{3C331E96-5607-E7DA-AF35-92096A685920}"
EndProject
Project("{FAE04EC0-301F-11D3-BF4B-00C04F79EFBC}") = "Unity.RenderPipelines.Core.Runtime", "Unity.RenderPipelines.Core.Runtime.Player.csproj", "{A18E6D28-6623-A781-7BC8-DA0934EF96A3}"
EndProject
Project("{FAE04EC0-301F-11D3-BF4B-00C04F79EFBC}") = "Unity.Mathematics", "Unity.Mathematics.Player.csproj", "{E53317B0-09E9-C5BD-4338-85C5E9D79300}"
EndProject
Project("{FAE04EC0-301F-11D3-BF4B-00C04F79EFBC}") = "UnityEngine.UI", "UnityEngine.UI.Player.csproj", "{0C9607F6-E26E-09A1-1B9D-1131E798DBE2}"
EndProject
Project("{FAE04EC0-301F-11D3-BF4B-00C04F79EFBC}") = "Unity.Collections", "Unity.Collections.Player.csproj", "{D9D86C24-3B24-AE11-1AD9-CAAF7CC2516B}"
EndProject
Project("{FAE04EC0-301F-11D3-BF4B-00C04F79EFBC}") = "UnityEngine.TestRunner", "UnityEngine.TestRunner.Player.csproj", "{01302D57-3087-4ECC-84B9-271864FD168D}"
EndProject
Project("{FAE04EC0-301F-11D3-BF4B-00C04F79EFBC}") = "Unity.VisualScripting.Core", "Unity.VisualScripting.Core.Player.csproj", "{3EF41433-F88C-1AF5-8725-07CAD16E74D6}"
EndProject
Project("{FAE04EC0-301F-11D3-BF4B-00C04F79EFBC}") = "Unity.Burst", "Unity.Burst.Player.csproj", "{EDCE6232-6A26-20D0-CD22-76F494B5935C}"
EndProject
Project("{FAE04EC0-301F-11D3-BF4B-00C04F79EFBC}") = "Assembly-CSharp", "Assembly-CSharp.Player.csproj", "{818EA9C6-590A-99B4-91BD-2C1C1BCD195E}"
EndProject
Project("{FAE04EC0-301F-11D3-BF4B-00C04F79EFBC}") = "Unity.RenderPipelines.Core.Runtime.Shared", "Unity.RenderPipelines.Core.Runtime.Shared.Player.csproj", "{1416D17E-875D-17E1-0ECA-02EBB5BCE675}"
EndProject
Project("{FAE04EC0-301F-11D3-BF4B-00C04F79EFBC}") = "Unity.PerformanceTesting", "Unity.PerformanceTesting.Player.csproj", "{37EA3164-92C1-225A-E2AD-72165FB8409B}"
EndProject
Project("{FAE04EC0-301F-11D3-BF4B-00C04F79EFBC}") = "Unity.AI.Navigation", "Unity.AI.Navigation.Player.csproj", "{8AB5FBEB-A10C-C321-A6F3-4A69570DA66B}"
EndProject
Project("{FAE04EC0-301F-11D3-BF4B-00C04F79EFBC}") = "Unity.VisualScripting.State", "Unity.VisualScripting.State.Player.csproj", "{44A7312A-165C-B307-8F8D-502034608718}"
EndProject
Project("{FAE04EC0-301F-11D3-BF4B-00C04F79EFBC}") = "Unity.TextMeshPro", "Unity.TextMeshPro.Player.csproj", "{C0EC2FCD-E438-04CE-D2AC-2EAD64BD82D6}"
EndProject
Project("{FAE04EC0-301F-11D3-BF4B-00C04F79EFBC}") = "Unity.Toonshader", "Unity.Toonshader.Player.csproj", "{1B102562-50A6-9236-D04C-AD0587F5A915}"
EndProject
Project("{FAE04EC0-301F-11D3-BF4B-00C04F79EFBC}") = "Unity.Rendering.LightTransport.Runtime", "Unity.Rendering.LightTransport.Runtime.Player.csproj", "{856912FC-68C0-885B-3800-E081AE34AE4C}"
EndProject
Project("{FAE04EC0-301F-11D3-BF4B-00C04F79EFBC}") = "Unity.Multiplayer.Center.Common", "Unity.Multiplayer.Center.Common.Player.csproj", "{ACFF24F4-F565-77EF-493D-176A11C82B81}"
EndProject
Project("{FAE04EC0-301F-11D3-BF4B-00C04F79EFBC}") = "Unity.VisualScripting.DocCodeExamples", "Unity.VisualScripting.DocCodeExamples.Player.csproj", "{91E32192-7325-C3D4-32DB-590F42EEBE34}"
EndProject
Project("{FAE04EC0-301F-11D3-BF4B-00C04F79EFBC}") = "Unity.RenderPipelines.Core.ShaderLibrary", "Unity.RenderPipelines.Core.ShaderLibrary.Player.csproj", "{7F7E74B4-B3F6-6B21-7E2D-9A549999987A}"
EndProject
Global
	GlobalSection(SolutionConfigurationPlatforms) = preSolution
		Debug|Any CPU = Debug|Any CPU
		Release|Any CPU = Release|Any CPU
	EndGlobalSection
	GlobalSection(ProjectConfigurationPlatforms) = postSolution
		{D5A80553-59A5-E2F3-A722-6BA959E9C8D5}.Debug|Any CPU.ActiveCfg = Debug|Any CPU
		{D5A80553-59A5-E2F3-A722-6BA959E9C8D5}.Debug|Any CPU.Build.0 = Debug|Any CPU
		{D5A80553-59A5-E2F3-A722-6BA959E9C8D5}.Release|Any CPU.ActiveCfg = Release|Any CPU
		{D5A80553-59A5-E2F3-A722-6BA959E9C8D5}.Release|Any CPU.Build.0 = Release|Any CPU
		{4B1D834E-39A9-752A-C1E3-131784607A8D}.Debug|Any CPU.ActiveCfg = Debug|Any CPU
		{4B1D834E-39A9-752A-C1E3-131784607A8D}.Debug|Any CPU.Build.0 = Debug|Any CPU
		{4B1D834E-39A9-752A-C1E3-131784607A8D}.Release|Any CPU.ActiveCfg = Release|Any CPU
		{4B1D834E-39A9-752A-C1E3-131784607A8D}.Release|Any CPU.Build.0 = Release|Any CPU
		{C0785D81-0534-1519-8027-9FE72B39CB8B}.Debug|Any CPU.ActiveCfg = Debug|Any CPU
		{C0785D81-0534-1519-8027-9FE72B39CB8B}.Debug|Any CPU.Build.0 = Debug|Any CPU
		{C0785D81-0534-1519-8027-9FE72B39CB8B}.Release|Any CPU.ActiveCfg = Release|Any CPU
		{C0785D81-0534-1519-8027-9FE72B39CB8B}.Release|Any CPU.Build.0 = Release|Any CPU
		{BDDA681B-B5FF-5245-0125-161E27FC5248}.Debug|Any CPU.ActiveCfg = Debug|Any CPU
		{BDDA681B-B5FF-5245-0125-161E27FC5248}.Debug|Any CPU.Build.0 = Debug|Any CPU
		{BDDA681B-B5FF-5245-0125-161E27FC5248}.Release|Any CPU.ActiveCfg = Release|Any CPU
		{BDDA681B-B5FF-5245-0125-161E27FC5248}.Release|Any CPU.Build.0 = Release|Any CPU
		{18668F0B-ED9D-16B1-C2AE-364AD517D45B}.Debug|Any CPU.ActiveCfg = Debug|Any CPU
		{18668F0B-ED9D-16B1-C2AE-364AD517D45B}.Debug|Any CPU.Build.0 = Debug|Any CPU
		{18668F0B-ED9D-16B1-C2AE-364AD517D45B}.Release|Any CPU.ActiveCfg = Release|Any CPU
		{18668F0B-ED9D-16B1-C2AE-364AD517D45B}.Release|Any CPU.Build.0 = Release|Any CPU
		{7794CE38-BD82-0048-BBBB-7F5231CF641D}.Debug|Any CPU.ActiveCfg = Debug|Any CPU
		{7794CE38-BD82-0048-BBBB-7F5231CF641D}.Debug|Any CPU.Build.0 = Debug|Any CPU
		{7794CE38-BD82-0048-BBBB-7F5231CF641D}.Release|Any CPU.ActiveCfg = Release|Any CPU
		{7794CE38-BD82-0048-BBBB-7F5231CF641D}.Release|Any CPU.Build.0 = Release|Any CPU
		{50EB8EE7-2535-5807-F414-C2FEEDD50AA2}.Debug|Any CPU.ActiveCfg = Debug|Any CPU
		{50EB8EE7-2535-5807-F414-C2FEEDD50AA2}.Debug|Any CPU.Build.0 = Debug|Any CPU
		{50EB8EE7-2535-5807-F414-C2FEEDD50AA2}.Release|Any CPU.ActiveCfg = Release|Any CPU
		{50EB8EE7-2535-5807-F414-C2FEEDD50AA2}.Release|Any CPU.Build.0 = Release|Any CPU
		{12ECC004-A28F-646C-0134-93371F1EA72F}.Debug|Any CPU.ActiveCfg = Debug|Any CPU
		{12ECC004-A28F-646C-0134-93371F1EA72F}.Debug|Any CPU.Build.0 = Debug|Any CPU
		{12ECC004-A28F-646C-0134-93371F1EA72F}.Release|Any CPU.ActiveCfg = Release|Any CPU
		{12ECC004-A28F-646C-0134-93371F1EA72F}.Release|Any CPU.Build.0 = Release|Any CPU
		{F6A42D45-8967-1EC8-6CF6-13AF5BC4A7FB}.Debug|Any CPU.ActiveCfg = Debug|Any CPU
		{F6A42D45-8967-1EC8-6CF6-13AF5BC4A7FB}.Debug|Any CPU.Build.0 = Debug|Any CPU
		{F6A42D45-8967-1EC8-6CF6-13AF5BC4A7FB}.Release|Any CPU.ActiveCfg = Release|Any CPU
		{F6A42D45-8967-1EC8-6CF6-13AF5BC4A7FB}.Release|Any CPU.Build.0 = Release|Any CPU
		{176624AE-D1BB-73DE-529C-12387C96158C}.Debug|Any CPU.ActiveCfg = Debug|Any CPU
		{176624AE-D1BB-73DE-529C-12387C96158C}.Debug|Any CPU.Build.0 = Debug|Any CPU
		{176624AE-D1BB-73DE-529C-12387C96158C}.Release|Any CPU.ActiveCfg = Release|Any CPU
		{176624AE-D1BB-73DE-529C-12387C96158C}.Release|Any CPU.Build.0 = Release|Any CPU
		{F8FF9414-425E-31D8-694C-964B282A533D}.Debug|Any CPU.ActiveCfg = Debug|Any CPU
		{F8FF9414-425E-31D8-694C-964B282A533D}.Debug|Any CPU.Build.0 = Debug|Any CPU
		{F8FF9414-425E-31D8-694C-964B282A533D}.Release|Any CPU.ActiveCfg = Release|Any CPU
		{F8FF9414-425E-31D8-694C-964B282A533D}.Release|Any CPU.Build.0 = Release|Any CPU
		{4D719D54-DC0F-744F-DA2A-A974E5AB975A}.Debug|Any CPU.ActiveCfg = Debug|Any CPU
		{4D719D54-DC0F-744F-DA2A-A974E5AB975A}.Debug|Any CPU.Build.0 = Debug|Any CPU
		{4D719D54-DC0F-744F-DA2A-A974E5AB975A}.Release|Any CPU.ActiveCfg = Release|Any CPU
		{4D719D54-DC0F-744F-DA2A-A974E5AB975A}.Release|Any CPU.Build.0 = Release|Any CPU
		{4DED939A-955F-5D40-CF50-656F2BFCA9E1}.Debug|Any CPU.ActiveCfg = Debug|Any CPU
		{4DED939A-955F-5D40-CF50-656F2BFCA9E1}.Debug|Any CPU.Build.0 = Debug|Any CPU
		{4DED939A-955F-5D40-CF50-656F2BFCA9E1}.Release|Any CPU.ActiveCfg = Release|Any CPU
		{4DED939A-955F-5D40-CF50-656F2BFCA9E1}.Release|Any CPU.Build.0 = Release|Any CPU
		{0BA0B2D1-CF05-6EB2-A9E9-DCE5E41F094C}.Debug|Any CPU.ActiveCfg = Debug|Any CPU
		{0BA0B2D1-CF05-6EB2-A9E9-DCE5E41F094C}.Debug|Any CPU.Build.0 = Debug|Any CPU
		{0BA0B2D1-CF05-6EB2-A9E9-DCE5E41F094C}.Release|Any CPU.ActiveCfg = Release|Any CPU
		{0BA0B2D1-CF05-6EB2-A9E9-DCE5E41F094C}.Release|Any CPU.Build.0 = Release|Any CPU
		{5DB96837-D2D1-15AA-C335-5E529234D319}.Debug|Any CPU.ActiveCfg = Debug|Any CPU
		{5DB96837-D2D1-15AA-C335-5E529234D319}.Debug|Any CPU.Build.0 = Debug|Any CPU
		{5DB96837-D2D1-15AA-C335-5E529234D319}.Release|Any CPU.ActiveCfg = Release|Any CPU
		{5DB96837-D2D1-15AA-C335-5E529234D319}.Release|Any CPU.Build.0 = Release|Any CPU
		{A797AE01-1CC7-6C71-B6E4-F9EC515F6AD6}.Debug|Any CPU.ActiveCfg = Debug|Any CPU
		{A797AE01-1CC7-6C71-B6E4-F9EC515F6AD6}.Debug|Any CPU.Build.0 = Debug|Any CPU
		{A797AE01-1CC7-6C71-B6E4-F9EC515F6AD6}.Release|Any CPU.ActiveCfg = Release|Any CPU
		{A797AE01-1CC7-6C71-B6E4-F9EC515F6AD6}.Release|Any CPU.Build.0 = Release|Any CPU
		{B3917418-C042-5C86-1702-3E6EFDEBBC76}.Debug|Any CPU.ActiveCfg = Debug|Any CPU
		{B3917418-C042-5C86-1702-3E6EFDEBBC76}.Debug|Any CPU.Build.0 = Debug|Any CPU
		{B3917418-C042-5C86-1702-3E6EFDEBBC76}.Release|Any CPU.ActiveCfg = Release|Any CPU
		{B3917418-C042-5C86-1702-3E6EFDEBBC76}.Release|Any CPU.Build.0 = Release|Any CPU
		{857BDFFE-D42E-FB49-8509-17CE132A249E}.Debug|Any CPU.ActiveCfg = Debug|Any CPU
		{857BDFFE-D42E-FB49-8509-17CE132A249E}.Debug|Any CPU.Build.0 = Debug|Any CPU
		{857BDFFE-D42E-FB49-8509-17CE132A249E}.Release|Any CPU.ActiveCfg = Release|Any CPU
		{857BDFFE-D42E-FB49-8509-17CE132A249E}.Release|Any CPU.Build.0 = Release|Any CPU
		{6BD596FE-1B9A-C7E0-2883-49B428327277}.Debug|Any CPU.ActiveCfg = Debug|Any CPU
		{6BD596FE-1B9A-C7E0-2883-49B428327277}.Debug|Any CPU.Build.0 = Debug|Any CPU
		{6BD596FE-1B9A-C7E0-2883-49B428327277}.Release|Any CPU.ActiveCfg = Release|Any CPU
		{6BD596FE-1B9A-C7E0-2883-49B428327277}.Release|Any CPU.Build.0 = Release|Any CPU
		{8FC192A3-A40D-1CB6-526D-A02CBFB530C6}.Debug|Any CPU.ActiveCfg = Debug|Any CPU
		{8FC192A3-A40D-1CB6-526D-A02CBFB530C6}.Debug|Any CPU.Build.0 = Debug|Any CPU
		{8FC192A3-A40D-1CB6-526D-A02CBFB530C6}.Release|Any CPU.ActiveCfg = Release|Any CPU
		{8FC192A3-A40D-1CB6-526D-A02CBFB530C6}.Release|Any CPU.Build.0 = Release|Any CPU
		{57BEFBBB-C419-6A28-96E2-8C7521FC9801}.Debug|Any CPU.ActiveCfg = Debug|Any CPU
		{57BEFBBB-C419-6A28-96E2-8C7521FC9801}.Debug|Any CPU.Build.0 = Debug|Any CPU
		{57BEFBBB-C419-6A28-96E2-8C7521FC9801}.Release|Any CPU.ActiveCfg = Release|Any CPU
		{57BEFBBB-C419-6A28-96E2-8C7521FC9801}.Release|Any CPU.Build.0 = Release|Any CPU
		{17E28743-3EC4-AE0A-E681-739DD2D46DFD}.Debug|Any CPU.ActiveCfg = Debug|Any CPU
		{17E28743-3EC4-AE0A-E681-739DD2D46DFD}.Debug|Any CPU.Build.0 = Debug|Any CPU
		{17E28743-3EC4-AE0A-E681-739DD2D46DFD}.Release|Any CPU.ActiveCfg = Release|Any CPU
		{17E28743-3EC4-AE0A-E681-739DD2D46DFD}.Release|Any CPU.Build.0 = Release|Any CPU
		{03F4B664-0EB0-566F-9F49-5EA62380C38F}.Debug|Any CPU.ActiveCfg = Debug|Any CPU
		{03F4B664-0EB0-566F-9F49-5EA62380C38F}.Debug|Any CPU.Build.0 = Debug|Any CPU
		{03F4B664-0EB0-566F-9F49-5EA62380C38F}.Release|Any CPU.ActiveCfg = Release|Any CPU
		{03F4B664-0EB0-566F-9F49-5EA62380C38F}.Release|Any CPU.Build.0 = Release|Any CPU
		{6AC25BDF-3A5D-E013-0FCE-1D731638B709}.Debug|Any CPU.ActiveCfg = Debug|Any CPU
		{6AC25BDF-3A5D-E013-0FCE-1D731638B709}.Debug|Any CPU.Build.0 = Debug|Any CPU
		{6AC25BDF-3A5D-E013-0FCE-1D731638B709}.Release|Any CPU.ActiveCfg = Release|Any CPU
		{6AC25BDF-3A5D-E013-0FCE-1D731638B709}.Release|Any CPU.Build.0 = Release|Any CPU
		{C8702926-88CD-99C5-0457-FE5664946BE0}.Debug|Any CPU.ActiveCfg = Debug|Any CPU
		{C8702926-88CD-99C5-0457-FE5664946BE0}.Debug|Any CPU.Build.0 = Debug|Any CPU
		{C8702926-88CD-99C5-0457-FE5664946BE0}.Release|Any CPU.ActiveCfg = Release|Any CPU
		{C8702926-88CD-99C5-0457-FE5664946BE0}.Release|Any CPU.Build.0 = Release|Any CPU
		{13B5A42B-DAE7-E168-1F05-0120734E11E0}.Debug|Any CPU.ActiveCfg = Debug|Any CPU
		{13B5A42B-DAE7-E168-1F05-0120734E11E0}.Debug|Any CPU.Build.0 = Debug|Any CPU
		{13B5A42B-DAE7-E168-1F05-0120734E11E0}.Release|Any CPU.ActiveCfg = Release|Any CPU
		{13B5A42B-DAE7-E168-1F05-0120734E11E0}.Release|Any CPU.Build.0 = Release|Any CPU
		{EE9C88B1-A52B-236D-A629-784BEEF0A82D}.Debug|Any CPU.ActiveCfg = Debug|Any CPU
		{EE9C88B1-A52B-236D-A629-784BEEF0A82D}.Debug|Any CPU.Build.0 = Debug|Any CPU
		{EE9C88B1-A52B-236D-A629-784BEEF0A82D}.Release|Any CPU.ActiveCfg = Release|Any CPU
		{EE9C88B1-A52B-236D-A629-784BEEF0A82D}.Release|Any CPU.Build.0 = Release|Any CPU
		{DF0D09A4-1C0F-637A-F990-46D5CECFA573}.Debug|Any CPU.ActiveCfg = Debug|Any CPU
		{DF0D09A4-1C0F-637A-F990-46D5CECFA573}.Debug|Any CPU.Build.0 = Debug|Any CPU
		{DF0D09A4-1C0F-637A-F990-46D5CECFA573}.Release|Any CPU.ActiveCfg = Release|Any CPU
		{DF0D09A4-1C0F-637A-F990-46D5CECFA573}.Release|Any CPU.Build.0 = Release|Any CPU
		{BE33E311-DA1A-9B51-9BE5-961877EB6AED}.Debug|Any CPU.ActiveCfg = Debug|Any CPU
		{BE33E311-DA1A-9B51-9BE5-961877EB6AED}.Debug|Any CPU.Build.0 = Debug|Any CPU
		{BE33E311-DA1A-9B51-9BE5-961877EB6AED}.Release|Any CPU.ActiveCfg = Release|Any CPU
		{BE33E311-DA1A-9B51-9BE5-961877EB6AED}.Release|Any CPU.Build.0 = Release|Any CPU
		{BB708457-6973-80D7-3754-B87F252433A0}.Debug|Any CPU.ActiveCfg = Debug|Any CPU
		{BB708457-6973-80D7-3754-B87F252433A0}.Debug|Any CPU.Build.0 = Debug|Any CPU
		{BB708457-6973-80D7-3754-B87F252433A0}.Release|Any CPU.ActiveCfg = Release|Any CPU
		{BB708457-6973-80D7-3754-B87F252433A0}.Release|Any CPU.Build.0 = Release|Any CPU
		{8E767944-4F83-9EFD-D2E8-39447D615662}.Debug|Any CPU.ActiveCfg = Debug|Any CPU
		{8E767944-4F83-9EFD-D2E8-39447D615662}.Debug|Any CPU.Build.0 = Debug|Any CPU
		{8E767944-4F83-9EFD-D2E8-39447D615662}.Release|Any CPU.ActiveCfg = Release|Any CPU
		{8E767944-4F83-9EFD-D2E8-39447D615662}.Release|Any CPU.Build.0 = Release|Any CPU
		{C0773B01-FBE1-DF32-C995-C9F4618E34AA}.Debug|Any CPU.ActiveCfg = Debug|Any CPU
		{C0773B01-FBE1-DF32-C995-C9F4618E34AA}.Debug|Any CPU.Build.0 = Debug|Any CPU
		{C0773B01-FBE1-DF32-C995-C9F4618E34AA}.Release|Any CPU.ActiveCfg = Release|Any CPU
		{C0773B01-FBE1-DF32-C995-C9F4618E34AA}.Release|Any CPU.Build.0 = Release|Any CPU
		{388AD4D5-EB46-714F-84CB-6534C7558355}.Debug|Any CPU.ActiveCfg = Debug|Any CPU
		{388AD4D5-EB46-714F-84CB-6534C7558355}.Debug|Any CPU.Build.0 = Debug|Any CPU
		{388AD4D5-EB46-714F-84CB-6534C7558355}.Release|Any CPU.ActiveCfg = Release|Any CPU
		{388AD4D5-EB46-714F-84CB-6534C7558355}.Release|Any CPU.Build.0 = Release|Any CPU
		{82B80D26-E3BC-2419-DB13-0E7F338C15CA}.Debug|Any CPU.ActiveCfg = Debug|Any CPU
		{82B80D26-E3BC-2419-DB13-0E7F338C15CA}.Debug|Any CPU.Build.0 = Debug|Any CPU
		{82B80D26-E3BC-2419-DB13-0E7F338C15CA}.Release|Any CPU.ActiveCfg = Release|Any CPU
		{82B80D26-E3BC-2419-DB13-0E7F338C15CA}.Release|Any CPU.Build.0 = Release|Any CPU
		{032DC4CE-18B1-5DF0-3AC4-3E1EF62EDBA1}.Debug|Any CPU.ActiveCfg = Debug|Any CPU
		{032DC4CE-18B1-5DF0-3AC4-3E1EF62EDBA1}.Debug|Any CPU.Build.0 = Debug|Any CPU
		{032DC4CE-18B1-5DF0-3AC4-3E1EF62EDBA1}.Release|Any CPU.ActiveCfg = Release|Any CPU
		{032DC4CE-18B1-5DF0-3AC4-3E1EF62EDBA1}.Release|Any CPU.Build.0 = Release|Any CPU
		{9FFE230A-A61D-EA4A-9EC5-7219160A2BFD}.Debug|Any CPU.ActiveCfg = Debug|Any CPU
		{9FFE230A-A61D-EA4A-9EC5-7219160A2BFD}.Debug|Any CPU.Build.0 = Debug|Any CPU
		{9FFE230A-A61D-EA4A-9EC5-7219160A2BFD}.Release|Any CPU.ActiveCfg = Release|Any CPU
		{9FFE230A-A61D-EA4A-9EC5-7219160A2BFD}.Release|Any CPU.Build.0 = Release|Any CPU
		{22F41C08-8054-8F67-A864-F2ACE13B4BEB}.Debug|Any CPU.ActiveCfg = Debug|Any CPU
		{22F41C08-8054-8F67-A864-F2ACE13B4BEB}.Debug|Any CPU.Build.0 = Debug|Any CPU
		{22F41C08-8054-8F67-A864-F2ACE13B4BEB}.Release|Any CPU.ActiveCfg = Release|Any CPU
		{22F41C08-8054-8F67-A864-F2ACE13B4BEB}.Release|Any CPU.Build.0 = Release|Any CPU
		{88FE8492-BEFD-3FB0-240A-0C94F5B908BC}.Debug|Any CPU.ActiveCfg = Debug|Any CPU
		{88FE8492-BEFD-3FB0-240A-0C94F5B908BC}.Debug|Any CPU.Build.0 = Debug|Any CPU
		{88FE8492-BEFD-3FB0-240A-0C94F5B908BC}.Release|Any CPU.ActiveCfg = Release|Any CPU
		{88FE8492-BEFD-3FB0-240A-0C94F5B908BC}.Release|Any CPU.Build.0 = Release|Any CPU
		{752FE477-C07C-01B2-0F3A-DFD9370124FE}.Debug|Any CPU.ActiveCfg = Debug|Any CPU
		{752FE477-C07C-01B2-0F3A-DFD9370124FE}.Debug|Any CPU.Build.0 = Debug|Any CPU
		{752FE477-C07C-01B2-0F3A-DFD9370124FE}.Release|Any CPU.ActiveCfg = Release|Any CPU
		{752FE477-C07C-01B2-0F3A-DFD9370124FE}.Release|Any CPU.Build.0 = Release|Any CPU
		{7C180A52-78C3-FB1C-E848-513450C95273}.Debug|Any CPU.ActiveCfg = Debug|Any CPU
		{7C180A52-78C3-FB1C-E848-513450C95273}.Debug|Any CPU.Build.0 = Debug|Any CPU
		{7C180A52-78C3-FB1C-E848-513450C95273}.Release|Any CPU.ActiveCfg = Release|Any CPU
		{7C180A52-78C3-FB1C-E848-513450C95273}.Release|Any CPU.Build.0 = Release|Any CPU
		{8D5D4BFB-CE57-1539-79F0-9893F261FF6F}.Debug|Any CPU.ActiveCfg = Debug|Any CPU
		{8D5D4BFB-CE57-1539-79F0-9893F261FF6F}.Debug|Any CPU.Build.0 = Debug|Any CPU
		{8D5D4BFB-CE57-1539-79F0-9893F261FF6F}.Release|Any CPU.ActiveCfg = Release|Any CPU
		{8D5D4BFB-CE57-1539-79F0-9893F261FF6F}.Release|Any CPU.Build.0 = Release|Any CPU
		{4141A059-EAE6-68ED-5557-4A1D61796D8F}.Debug|Any CPU.ActiveCfg = Debug|Any CPU
		{4141A059-EAE6-68ED-5557-4A1D61796D8F}.Debug|Any CPU.Build.0 = Debug|Any CPU
		{4141A059-EAE6-68ED-5557-4A1D61796D8F}.Release|Any CPU.ActiveCfg = Release|Any CPU
		{4141A059-EAE6-68ED-5557-4A1D61796D8F}.Release|Any CPU.Build.0 = Release|Any CPU
		{3B789BE4-3A79-1DE7-43FF-33C3968D7FB6}.Debug|Any CPU.ActiveCfg = Debug|Any CPU
		{3B789BE4-3A79-1DE7-43FF-33C3968D7FB6}.Debug|Any CPU.Build.0 = Debug|Any CPU
		{3B789BE4-3A79-1DE7-43FF-33C3968D7FB6}.Release|Any CPU.ActiveCfg = Release|Any CPU
		{3B789BE4-3A79-1DE7-43FF-33C3968D7FB6}.Release|Any CPU.Build.0 = Release|Any CPU
		{799FCDDF-FA77-FD40-D06A-DDD15659DA62}.Debug|Any CPU.ActiveCfg = Debug|Any CPU
		{799FCDDF-FA77-FD40-D06A-DDD15659DA62}.Debug|Any CPU.Build.0 = Debug|Any CPU
		{799FCDDF-FA77-FD40-D06A-DDD15659DA62}.Release|Any CPU.ActiveCfg = Release|Any CPU
		{799FCDDF-FA77-FD40-D06A-DDD15659DA62}.Release|Any CPU.Build.0 = Release|Any CPU
		{699D466F-0C40-2F07-87F3-C0B61083BF6D}.Debug|Any CPU.ActiveCfg = Debug|Any CPU
		{699D466F-0C40-2F07-87F3-C0B61083BF6D}.Debug|Any CPU.Build.0 = Debug|Any CPU
		{699D466F-0C40-2F07-87F3-C0B61083BF6D}.Release|Any CPU.ActiveCfg = Release|Any CPU
		{699D466F-0C40-2F07-87F3-C0B61083BF6D}.Release|Any CPU.Build.0 = Release|Any CPU
		{98951FC8-6B26-FD05-581C-556D7F52E022}.Debug|Any CPU.ActiveCfg = Debug|Any CPU
		{98951FC8-6B26-FD05-581C-556D7F52E022}.Debug|Any CPU.Build.0 = Debug|Any CPU
		{98951FC8-6B26-FD05-581C-556D7F52E022}.Release|Any CPU.ActiveCfg = Release|Any CPU
		{98951FC8-6B26-FD05-581C-556D7F52E022}.Release|Any CPU.Build.0 = Release|Any CPU
		{BA421804-9055-1291-0718-CF85DDE2F910}.Debug|Any CPU.ActiveCfg = Debug|Any CPU
		{BA421804-9055-1291-0718-CF85DDE2F910}.Debug|Any CPU.Build.0 = Debug|Any CPU
		{BA421804-9055-1291-0718-CF85DDE2F910}.Release|Any CPU.ActiveCfg = Release|Any CPU
		{BA421804-9055-1291-0718-CF85DDE2F910}.Release|Any CPU.Build.0 = Release|Any CPU
		{DCC1DEEC-6893-8214-52FE-DA9B103074E5}.Debug|Any CPU.ActiveCfg = Debug|Any CPU
		{DCC1DEEC-6893-8214-52FE-DA9B103074E5}.Debug|Any CPU.Build.0 = Debug|Any CPU
		{DCC1DEEC-6893-8214-52FE-DA9B103074E5}.Release|Any CPU.ActiveCfg = Release|Any CPU
		{DCC1DEEC-6893-8214-52FE-DA9B103074E5}.Release|Any CPU.Build.0 = Release|Any CPU
		{903FC2D1-C7F5-4D7D-D6B5-376E111976B5}.Debug|Any CPU.ActiveCfg = Debug|Any CPU
		{903FC2D1-C7F5-4D7D-D6B5-376E111976B5}.Debug|Any CPU.Build.0 = Debug|Any CPU
		{903FC2D1-C7F5-4D7D-D6B5-376E111976B5}.Release|Any CPU.ActiveCfg = Release|Any CPU
		{903FC2D1-C7F5-4D7D-D6B5-376E111976B5}.Release|Any CPU.Build.0 = Release|Any CPU
		{970A1864-F66E-02C6-230F-BDD8A8594222}.Debug|Any CPU.ActiveCfg = Debug|Any CPU
		{970A1864-F66E-02C6-230F-BDD8A8594222}.Debug|Any CPU.Build.0 = Debug|Any CPU
		{970A1864-F66E-02C6-230F-BDD8A8594222}.Release|Any CPU.ActiveCfg = Release|Any CPU
		{970A1864-F66E-02C6-230F-BDD8A8594222}.Release|Any CPU.Build.0 = Release|Any CPU
		{58CF029C-E2AC-8B48-39C8-3655224A3396}.Debug|Any CPU.ActiveCfg = Debug|Any CPU
		{58CF029C-E2AC-8B48-39C8-3655224A3396}.Debug|Any CPU.Build.0 = Debug|Any CPU
		{58CF029C-E2AC-8B48-39C8-3655224A3396}.Release|Any CPU.ActiveCfg = Release|Any CPU
		{58CF029C-E2AC-8B48-39C8-3655224A3396}.Release|Any CPU.Build.0 = Release|Any CPU
		{2BA72C5E-7691-AA5A-827F-FCB10FC72347}.Debug|Any CPU.ActiveCfg = Debug|Any CPU
		{2BA72C5E-7691-AA5A-827F-FCB10FC72347}.Debug|Any CPU.Build.0 = Debug|Any CPU
		{2BA72C5E-7691-AA5A-827F-FCB10FC72347}.Release|Any CPU.ActiveCfg = Release|Any CPU
		{2BA72C5E-7691-AA5A-827F-FCB10FC72347}.Release|Any CPU.Build.0 = Release|Any CPU
		{9DCEDA88-C5AC-590C-B76B-2F25DC64CDD5}.Debug|Any CPU.ActiveCfg = Debug|Any CPU
		{9DCEDA88-C5AC-590C-B76B-2F25DC64CDD5}.Debug|Any CPU.Build.0 = Debug|Any CPU
		{9DCEDA88-C5AC-590C-B76B-2F25DC64CDD5}.Release|Any CPU.ActiveCfg = Release|Any CPU
		{9DCEDA88-C5AC-590C-B76B-2F25DC64CDD5}.Release|Any CPU.Build.0 = Release|Any CPU
		{561C1534-973F-4688-1405-1314D65D9F29}.Debug|Any CPU.ActiveCfg = Debug|Any CPU
		{561C1534-973F-4688-1405-1314D65D9F29}.Debug|Any CPU.Build.0 = Debug|Any CPU
		{561C1534-973F-4688-1405-1314D65D9F29}.Release|Any CPU.ActiveCfg = Release|Any CPU
		{561C1534-973F-4688-1405-1314D65D9F29}.Release|Any CPU.Build.0 = Release|Any CPU
		{79696E09-B152-908D-7F19-D62A0EAEEF0F}.Debug|Any CPU.ActiveCfg = Debug|Any CPU
		{79696E09-B152-908D-7F19-D62A0EAEEF0F}.Debug|Any CPU.Build.0 = Debug|Any CPU
		{79696E09-B152-908D-7F19-D62A0EAEEF0F}.Release|Any CPU.ActiveCfg = Release|Any CPU
		{79696E09-B152-908D-7F19-D62A0EAEEF0F}.Release|Any CPU.Build.0 = Release|Any CPU
		{C2E69A23-D1DE-3CCE-0A31-B4595FAB8A05}.Debug|Any CPU.ActiveCfg = Debug|Any CPU
		{C2E69A23-D1DE-3CCE-0A31-B4595FAB8A05}.Debug|Any CPU.Build.0 = Debug|Any CPU
		{C2E69A23-D1DE-3CCE-0A31-B4595FAB8A05}.Release|Any CPU.ActiveCfg = Release|Any CPU
		{C2E69A23-D1DE-3CCE-0A31-B4595FAB8A05}.Release|Any CPU.Build.0 = Release|Any CPU
		{21586DFF-6776-72F4-57CF-0A0B27618E19}.Debug|Any CPU.ActiveCfg = Debug|Any CPU
		{21586DFF-6776-72F4-57CF-0A0B27618E19}.Debug|Any CPU.Build.0 = Debug|Any CPU
		{21586DFF-6776-72F4-57CF-0A0B27618E19}.Release|Any CPU.ActiveCfg = Release|Any CPU
		{21586DFF-6776-72F4-57CF-0A0B27618E19}.Release|Any CPU.Build.0 = Release|Any CPU
		{97F4C7C7-5A50-D1BF-8950-C3F097D24938}.Debug|Any CPU.ActiveCfg = Debug|Any CPU
		{97F4C7C7-5A50-D1BF-8950-C3F097D24938}.Debug|Any CPU.Build.0 = Debug|Any CPU
		{97F4C7C7-5A50-D1BF-8950-C3F097D24938}.Release|Any CPU.ActiveCfg = Release|Any CPU
		{97F4C7C7-5A50-D1BF-8950-C3F097D24938}.Release|Any CPU.Build.0 = Release|Any CPU
		{74828C4E-2902-7BC7-43E4-668B990CFE40}.Debug|Any CPU.ActiveCfg = Debug|Any CPU
		{74828C4E-2902-7BC7-43E4-668B990CFE40}.Debug|Any CPU.Build.0 = Debug|Any CPU
		{74828C4E-2902-7BC7-43E4-668B990CFE40}.Release|Any CPU.ActiveCfg = Release|Any CPU
		{74828C4E-2902-7BC7-43E4-668B990CFE40}.Release|Any CPU.Build.0 = Release|Any CPU
		{EA59952B-29D6-025B-3A64-75B26F5D7E6E}.Debug|Any CPU.ActiveCfg = Debug|Any CPU
		{EA59952B-29D6-025B-3A64-75B26F5D7E6E}.Debug|Any CPU.Build.0 = Debug|Any CPU
		{EA59952B-29D6-025B-3A64-75B26F5D7E6E}.Release|Any CPU.ActiveCfg = Release|Any CPU
		{EA59952B-29D6-025B-3A64-75B26F5D7E6E}.Release|Any CPU.Build.0 = Release|Any CPU
		{3C331E96-5607-E7DA-AF35-92096A685920}.Debug|Any CPU.ActiveCfg = Debug|Any CPU
		{3C331E96-5607-E7DA-AF35-92096A685920}.Debug|Any CPU.Build.0 = Debug|Any CPU
		{3C331E96-5607-E7DA-AF35-92096A685920}.Release|Any CPU.ActiveCfg = Release|Any CPU
		{3C331E96-5607-E7DA-AF35-92096A685920}.Release|Any CPU.Build.0 = Release|Any CPU
		{A18E6D28-6623-A781-7BC8-DA0934EF96A3}.Debug|Any CPU.ActiveCfg = Debug|Any CPU
		{A18E6D28-6623-A781-7BC8-DA0934EF96A3}.Debug|Any CPU.Build.0 = Debug|Any CPU
		{A18E6D28-6623-A781-7BC8-DA0934EF96A3}.Release|Any CPU.ActiveCfg = Release|Any CPU
		{A18E6D28-6623-A781-7BC8-DA0934EF96A3}.Release|Any CPU.Build.0 = Release|Any CPU
		{E53317B0-09E9-C5BD-4338-85C5E9D79300}.Debug|Any CPU.ActiveCfg = Debug|Any CPU
		{E53317B0-09E9-C5BD-4338-85C5E9D79300}.Debug|Any CPU.Build.0 = Debug|Any CPU
		{E53317B0-09E9-C5BD-4338-85C5E9D79300}.Release|Any CPU.ActiveCfg = Release|Any CPU
		{E53317B0-09E9-C5BD-4338-85C5E9D79300}.Release|Any CPU.Build.0 = Release|Any CPU
		{0C9607F6-E26E-09A1-1B9D-1131E798DBE2}.Debug|Any CPU.ActiveCfg = Debug|Any CPU
		{0C9607F6-E26E-09A1-1B9D-1131E798DBE2}.Debug|Any CPU.Build.0 = Debug|Any CPU
		{0C9607F6-E26E-09A1-1B9D-1131E798DBE2}.Release|Any CPU.ActiveCfg = Release|Any CPU
		{0C9607F6-E26E-09A1-1B9D-1131E798DBE2}.Release|Any CPU.Build.0 = Release|Any CPU
		{D9D86C24-3B24-AE11-1AD9-CAAF7CC2516B}.Debug|Any CPU.ActiveCfg = Debug|Any CPU
		{D9D86C24-3B24-AE11-1AD9-CAAF7CC2516B}.Debug|Any CPU.Build.0 = Debug|Any CPU
		{D9D86C24-3B24-AE11-1AD9-CAAF7CC2516B}.Release|Any CPU.ActiveCfg = Release|Any CPU
		{D9D86C24-3B24-AE11-1AD9-CAAF7CC2516B}.Release|Any CPU.Build.0 = Release|Any CPU
		{01302D57-3087-4ECC-84B9-271864FD168D}.Debug|Any CPU.ActiveCfg = Debug|Any CPU
		{01302D57-3087-4ECC-84B9-271864FD168D}.Debug|Any CPU.Build.0 = Debug|Any CPU
		{01302D57-3087-4ECC-84B9-271864FD168D}.Release|Any CPU.ActiveCfg = Release|Any CPU
		{01302D57-3087-4ECC-84B9-271864FD168D}.Release|Any CPU.Build.0 = Release|Any CPU
		{3EF41433-F88C-1AF5-8725-07CAD16E74D6}.Debug|Any CPU.ActiveCfg = Debug|Any CPU
		{3EF41433-F88C-1AF5-8725-07CAD16E74D6}.Debug|Any CPU.Build.0 = Debug|Any CPU
		{3EF41433-F88C-1AF5-8725-07CAD16E74D6}.Release|Any CPU.ActiveCfg = Release|Any CPU
		{3EF41433-F88C-1AF5-8725-07CAD16E74D6}.Release|Any CPU.Build.0 = Release|Any CPU
		{EDCE6232-6A26-20D0-CD22-76F494B5935C}.Debug|Any CPU.ActiveCfg = Debug|Any CPU
		{EDCE6232-6A26-20D0-CD22-76F494B5935C}.Debug|Any CPU.Build.0 = Debug|Any CPU
		{EDCE6232-6A26-20D0-CD22-76F494B5935C}.Release|Any CPU.ActiveCfg = Release|Any CPU
		{EDCE6232-6A26-20D0-CD22-76F494B5935C}.Release|Any CPU.Build.0 = Release|Any CPU
		{818EA9C6-590A-99B4-91BD-2C1C1BCD195E}.Debug|Any CPU.ActiveCfg = Debug|Any CPU
		{818EA9C6-590A-99B4-91BD-2C1C1BCD195E}.Debug|Any CPU.Build.0 = Debug|Any CPU
		{818EA9C6-590A-99B4-91BD-2C1C1BCD195E}.Release|Any CPU.ActiveCfg = Release|Any CPU
		{818EA9C6-590A-99B4-91BD-2C1C1BCD195E}.Release|Any CPU.Build.0 = Release|Any CPU
		{1416D17E-875D-17E1-0ECA-02EBB5BCE675}.Debug|Any CPU.ActiveCfg = Debug|Any CPU
		{1416D17E-875D-17E1-0ECA-02EBB5BCE675}.Debug|Any CPU.Build.0 = Debug|Any CPU
		{1416D17E-875D-17E1-0ECA-02EBB5BCE675}.Release|Any CPU.ActiveCfg = Release|Any CPU
		{1416D17E-875D-17E1-0ECA-02EBB5BCE675}.Release|Any CPU.Build.0 = Release|Any CPU
		{37EA3164-92C1-225A-E2AD-72165FB8409B}.Debug|Any CPU.ActiveCfg = Debug|Any CPU
		{37EA3164-92C1-225A-E2AD-72165FB8409B}.Debug|Any CPU.Build.0 = Debug|Any CPU
		{37EA3164-92C1-225A-E2AD-72165FB8409B}.Release|Any CPU.ActiveCfg = Release|Any CPU
		{37EA3164-92C1-225A-E2AD-72165FB8409B}.Release|Any CPU.Build.0 = Release|Any CPU
		{8AB5FBEB-A10C-C321-A6F3-4A69570DA66B}.Debug|Any CPU.ActiveCfg = Debug|Any CPU
		{8AB5FBEB-A10C-C321-A6F3-4A69570DA66B}.Debug|Any CPU.Build.0 = Debug|Any CPU
		{8AB5FBEB-A10C-C321-A6F3-4A69570DA66B}.Release|Any CPU.ActiveCfg = Release|Any CPU
		{8AB5FBEB-A10C-C321-A6F3-4A69570DA66B}.Release|Any CPU.Build.0 = Release|Any CPU
		{44A7312A-165C-B307-8F8D-502034608718}.Debug|Any CPU.ActiveCfg = Debug|Any CPU
		{44A7312A-165C-B307-8F8D-502034608718}.Debug|Any CPU.Build.0 = Debug|Any CPU
		{44A7312A-165C-B307-8F8D-502034608718}.Release|Any CPU.ActiveCfg = Release|Any CPU
		{44A7312A-165C-B307-8F8D-502034608718}.Release|Any CPU.Build.0 = Release|Any CPU
		{C0EC2FCD-E438-04CE-D2AC-2EAD64BD82D6}.Debug|Any CPU.ActiveCfg = Debug|Any CPU
		{C0EC2FCD-E438-04CE-D2AC-2EAD64BD82D6}.Debug|Any CPU.Build.0 = Debug|Any CPU
		{C0EC2FCD-E438-04CE-D2AC-2EAD64BD82D6}.Release|Any CPU.ActiveCfg = Release|Any CPU
		{C0EC2FCD-E438-04CE-D2AC-2EAD64BD82D6}.Release|Any CPU.Build.0 = Release|Any CPU
		{1B102562-50A6-9236-D04C-AD0587F5A915}.Debug|Any CPU.ActiveCfg = Debug|Any CPU
		{1B102562-50A6-9236-D04C-AD0587F5A915}.Debug|Any CPU.Build.0 = Debug|Any CPU
		{1B102562-50A6-9236-D04C-AD0587F5A915}.Release|Any CPU.ActiveCfg = Release|Any CPU
		{1B102562-50A6-9236-D04C-AD0587F5A915}.Release|Any CPU.Build.0 = Release|Any CPU
		{856912FC-68C0-885B-3800-E081AE34AE4C}.Debug|Any CPU.ActiveCfg = Debug|Any CPU
		{856912FC-68C0-885B-3800-E081AE34AE4C}.Debug|Any CPU.Build.0 = Debug|Any CPU
		{856912FC-68C0-885B-3800-E081AE34AE4C}.Release|Any CPU.ActiveCfg = Release|Any CPU
		{856912FC-68C0-885B-3800-E081AE34AE4C}.Release|Any CPU.Build.0 = Release|Any CPU
		{ACFF24F4-F565-77EF-493D-176A11C82B81}.Debug|Any CPU.ActiveCfg = Debug|Any CPU
		{ACFF24F4-F565-77EF-493D-176A11C82B81}.Debug|Any CPU.Build.0 = Debug|Any CPU
		{ACFF24F4-F565-77EF-493D-176A11C82B81}.Release|Any CPU.ActiveCfg = Release|Any CPU
		{ACFF24F4-F565-77EF-493D-176A11C82B81}.Release|Any CPU.Build.0 = Release|Any CPU
		{91E32192-7325-C3D4-32DB-590F42EEBE34}.Debug|Any CPU.ActiveCfg = Debug|Any CPU
		{91E32192-7325-C3D4-32DB-590F42EEBE34}.Debug|Any CPU.Build.0 = Debug|Any CPU
		{91E32192-7325-C3D4-32DB-590F42EEBE34}.Release|Any CPU.ActiveCfg = Release|Any CPU
		{91E32192-7325-C3D4-32DB-590F42EEBE34}.Release|Any CPU.Build.0 = Release|Any CPU
		{7F7E74B4-B3F6-6B21-7E2D-9A549999987A}.Debug|Any CPU.ActiveCfg = Debug|Any CPU
		{7F7E74B4-B3F6-6B21-7E2D-9A549999987A}.Debug|Any CPU.Build.0 = Debug|Any CPU
		{7F7E74B4-B3F6-6B21-7E2D-9A549999987A}.Release|Any CPU.ActiveCfg = Release|Any CPU
		{7F7E74B4-B3F6-6B21-7E2D-9A549999987A}.Release|Any CPU.Build.0 = Release|Any CPU
	EndGlobalSection
	GlobalSection(SolutionProperties) = preSolution
		HideSolutionNode = FALSE
	EndGlobalSection
EndGlobal
